{
  "name": "github-daily-commits",
  "version": "1.0.0",
  "lockfileVersion": 3,
  "requires": true,
  "packages": {
    "": {
      "name": "github-daily-commits",
      "version": "1.0.0",
      "license": "ISC",
      "dependencies": {
        "anybar": "^5.1.0"
      }
    },
    "node_modules/anybar": {
      "version": "5.1.0",
      "resolved": "https://registry.npmjs.org/anybar/-/anybar-5.1.0.tgz",
      "integrity": "sha512-NaA268IyK6k5GKw5PxRAkn2qNy+Yefr+3p4BuGZNCYFRBHCQuYMBgd4q8cqIP736i/n1LMyM5VhjNYZiPk4WVg==",
      "engines": {
        "node": ">=12"
      },
      "funding": {
        "url": "https://github.com/sponsors/sindresorhus"
      }
    }
  }
}
